
Microsoft Visual Studio Solution File, Format Version 12.00
# Visual Studio Version 17
VisualStudioVersion = 17.5.33627.172
MinimumVisualStudioVersion = 10.0.40219.1
Project("{8BC9CEB8-8B4A-11D0-8D11-00A0C91BC942}") = "Sandbox", "Sandbox\Sandbox.vcxproj", "{C7BE22B7-2B76-45BA-995F-162EEE858315}"
EndProject
Project("{8BC9CEB8-8B4A-11D0-8D11-00A0C91BC942}") = "Duck", "Duck\Duck.vcxproj", "{E058EF58-090A-4E40-BEE3-E7936ABF2C5E}"
EndProject
Global
	GlobalSection(SolutionConfigurationPlatforms) = preSolution
		Debug|x64 = Debug|x64
		Release|x64 = Release|x64
	EndGlobalSection
	GlobalSection(ProjectConfigurationPlatforms) = postSolution
		{C7BE22B7-2B76-45BA-995F-162EEE858315}.Debug|x64.ActiveCfg = Debug|x64
		{C7BE22B7-2B76-45BA-995F-162EEE858315}.Debug|x64.Build.0 = Debug|x64
		{C7BE22B7-2B76-45BA-995F-162EEE858315}.Release|x64.ActiveCfg = Release|x64
		{C7BE22B7-2B76-45BA-995F-162EEE858315}.Release|x64.Build.0 = Release|x64
		{E058EF58-090A-4E40-BEE3-E7936ABF2C5E}.Debug|x64.ActiveCfg = Debug|x64
		{E058EF58-090A-4E40-BEE3-E7936ABF2C5E}.Debug|x64.Build.0 = Debug|x64
		{E058EF58-090A-4E40-BEE3-E7936ABF2C5E}.Release|x64.ActiveCfg = Release|x64
		{E058EF58-090A-4E40-BEE3-E7936ABF2C5E}.Release|x64.Build.0 = Release|x64
	EndGlobalSection
	GlobalSection(SolutionProperties) = preSolution
		HideSolutionNode = FALSE
	EndGlobalSection
	GlobalSection(ExtensibilityGlobals) = postSolution
		SolutionGuid = {3A59C967-7C3E-422C-A69F-E46F6A49C6AE}
	EndGlobalSection
EndGlobal
