<?xml version="1.0" encoding="utf-8"?>
<Project ToolsVersion="4.0" xmlns="http://schemas.microsoft.com/developer/msbuild/2003">
  <ItemGroup>
    <Filter Include="Duck">
      <UniqueIdentifier>{2C58847C-188F-850D-C17B-6B10AD91010F}</UniqueIdentifier>
    </Filter>
  </ItemGroup>
  <ItemGroup>
    <ClInclude Include="src\Duck.h" />
    <ClInclude Include="src\Duck\Application.h">
      <Filter>Duck</Filter>
    </ClInclude>
    <ClInclude Include="src\Duck\Core.h">
      <Filter>Duck</Filter>
    </ClInclude>
    <ClInclude Include="src\Duck\EntryPoint.h">
      <Filter>Duck</Filter>
    </ClInclude>
    <ClInclude Include="src\Duck\Debug.h">
      <Filter>Duck</Filter>
    </ClInclude>
    <ClInclude Include="src\Duck\Physics.h">
      <Filter>Duck</Filter>
    </ClInclude>
    <ClInclude Include="src\Duck\PhysicsManager.h">
      <Filter>Duck</Filter>
    </ClInclude>
  </ItemGroup>
  <ItemGroup>
    <ClCompile Include="src\Duck\Application.cpp">
      <Filter>Duck</Filter>
    </ClCompile>
    <ClCompile Include="src\Duck\Debug.cpp">
      <Filter>Duck</Filter>
    </ClCompile>
    <ClCompile Include="src\Duck\Physics.cpp">
      <Filter>Duck</Filter>
    </ClCompile>
    <ClCompile Include="src\Duck\PhysicsManager.cpp">
      <Filter>Duck</Filter>
    </ClCompile>
  </ItemGroup>
</Project>