<?xml version="1.0" encoding="utf-8"?>
<Project ToolsVersion="4.0" xmlns="http://schemas.microsoft.com/developer/msbuild/2003">
  <ItemGroup>
    <Filter Include="Duck">
      <UniqueIdentifier>{2C58847C-188F-850D-C17B-6B10AD91010F}</UniqueIdentifier>
    </Filter>
    <Filter Include="Map">
      <UniqueIdentifier>{6307880B-CF10-887C-588C-9E7CC494937C}</UniqueIdentifier>
    </Filter>
    <Filter Include="Math">
      <UniqueIdentifier>{AFF4887C-9B2B-8A0D-4418-7010302E060F}</UniqueIdentifier>
    </Filter>
    <Filter Include="Physics">
      <UniqueIdentifier>{888B590D-F46A-D8A8-FD82-637F69E13E0A}</UniqueIdentifier>
    </Filter>
  </ItemGroup>
  <ItemGroup>
    <ClInclude Include="src\Duck.h" />
    <ClInclude Include="src\Duck\Application.h">
      <Filter>Duck</Filter>
    </ClInclude>
    <ClInclude Include="src\Duck\Core.h">
      <Filter>Duck</Filter>
    </ClInclude>
    <ClInclude Include="src\Duck\EntryPoint.h">
      <Filter>Duck</Filter>
    </ClInclude>
    <ClInclude Include="src\Duck\GameObj.h">
      <Filter>Duck</Filter>
    </ClInclude>
    <ClInclude Include="src\Duck\Input.h">
      <Filter>Duck</Filter>
    </ClInclude>
    <ClInclude Include="src\Duck\Map.h">
      <Filter>Duck</Filter>
    </ClInclude>
    <ClInclude Include="src\Duck\Time.h">
      <Filter>Duck</Filter>
    </ClInclude>
    <ClInclude Include="src\Map\Map.h">
      <Filter>Map</Filter>
    </ClInclude>
    <ClInclude Include="src\Math\Matrix3x3.h">
      <Filter>Math</Filter>
    </ClInclude>
    <ClInclude Include="src\Math\Vector2D.h">
      <Filter>Math</Filter>
    </ClInclude>
    <ClInclude Include="src\Physics\collision.h">
      <Filter>Physics</Filter>
    </ClInclude>
  </ItemGroup>
  <ItemGroup>
    <ClCompile Include="src\Duck\Application.cpp">
      <Filter>Duck</Filter>
    </ClCompile>
    <ClCompile Include="src\Duck\GameObj.cpp">
      <Filter>Duck</Filter>
    </ClCompile>
    <ClCompile Include="src\Duck\Input.cpp">
      <Filter>Duck</Filter>
    </ClCompile>
    <ClCompile Include="src\Duck\Map.cpp">
      <Filter>Duck</Filter>
    </ClCompile>
    <ClCompile Include="src\Duck\Time.cpp">
      <Filter>Duck</Filter>
    </ClCompile>
    <ClCompile Include="src\Map\Map.cpp">
      <Filter>Map</Filter>
    </ClCompile>
    <ClCompile Include="src\Math\Matrix3x3.cpp">
      <Filter>Math</Filter>
    </ClCompile>
    <ClCompile Include="src\Math\Vector2D.cpp">
      <Filter>Math</Filter>
    </ClCompile>
    <ClCompile Include="src\Physics\collision.cpp">
      <Filter>Physics</Filter>
    </ClCompile>
  </ItemGroup>
</Project>